
Microsoft Visual Studio Solution File, Format Version 12.00
# Visual Studio Version 16
VisualStudioVersion = 16.0.29519.87
MinimumVisualStudioVersion = 10.0.40219.1
Project("{FAE04EC0-301F-11D3-BF4B-00C04F79EFBC}") = "Post", "Post\Post.csproj", "{1473E1B1-E792-4806-8E6F-8791643DFB1B}"
EndProject
Global
	GlobalSection(SolutionConfigurationPlatforms) = preSolution
		Debug|Any CPU = Debug|Any CPU
		Release|Any CPU = Release|Any CPU
	EndGlobalSection
	GlobalSection(ProjectConfigurationPlatforms) = postSolution
		{1473E1B1-E792-4806-8E6F-8791643DFB1B}.Debug|Any CPU.ActiveCfg = Debug|Any CPU
		{1473E1B1-E792-4806-8E6F-8791643DFB1B}.Debug|Any CPU.Build.0 = Debug|Any CPU
		{1473E1B1-E792-4806-8E6F-8791643DFB1B}.Release|Any CPU.ActiveCfg = Release|Any CPU
		{1473E1B1-E792-4806-8E6F-8791643DFB1B}.Release|Any CPU.Build.0 = Release|Any CPU
	EndGlobalSection
	GlobalSection(SolutionProperties) = preSolution
		HideSolutionNode = FALSE
	EndGlobalSection
	GlobalSection(ExtensibilityGlobals) = postSolution
		SolutionGuid = {B7C9E101-5CF0-4473-A3A5-FE0A2A265127}
	EndGlobalSection
EndGlobal
